
Microsoft Visual Studio Solution File, Format Version 12.00
# Visual Studio Version 16
VisualStudioVersion = 16.0.30804.86
MinimumVisualStudioVersion = 10.0.40219.1
Project("{FAE04EC0-301F-11D3-BF4B-00C04F79EFBC}") = "LGRM.Android", "LGRM\LGRM.Android\LGRM.Android.csproj", "{AEC63735-FF4F-47AC-A184-D816A68CBA9E}"
EndProject
Project("{FAE04EC0-301F-11D3-BF4B-00C04F79EFBC}") = "LGRM.iOS", "LGRM\LGRM.iOS\LGRM.iOS.csproj", "{F2248B4A-B29C-482B-A516-8429D7925CE7}"
EndProject
Project("{9A19103F-16F7-4668-BE54-9A1E7A4F7556}") = "LGRM.XamF", "LGRM\LGRM\LGRM.XamF.csproj", "{84339E09-F678-47D5-A4E4-170C1928200A}"
EndProject
Project("{9A19103F-16F7-4668-BE54-9A1E7A4F7556}") = "LGRM.Data", "..\LGRM.Data\LGRM.Data.csproj", "{5AFDD120-A485-4A25-8D95-AFA3997EF5C7}"
EndProject
Project("{9A19103F-16F7-4668-BE54-9A1E7A4F7556}") = "LGRM.Model", "..\LGRM.Model\LGRM.Model.csproj", "{2795551F-0DB4-4DC7-9B85-7C5AB3B36B6D}"
EndProject
Project("{2150E333-8FDC-42A3-9474-1A3956D46DE8}") = "Funtions", "Funtions", "{E62DFE5A-F4BB-4DEE-8D20-77DE02341349}"
EndProject
Global
	GlobalSection(SolutionConfigurationPlatforms) = preSolution
		Debug|Any CPU = Debug|Any CPU
		Debug|ARM = Debug|ARM
		Debug|iPhone = Debug|iPhone
		Debug|iPhoneSimulator = Debug|iPhoneSimulator
		Debug|x64 = Debug|x64
		Debug|x86 = Debug|x86
		Release|Any CPU = Release|Any CPU
		Release|ARM = Release|ARM
		Release|iPhone = Release|iPhone
		Release|iPhoneSimulator = Release|iPhoneSimulator
		Release|x64 = Release|x64
		Release|x86 = Release|x86
	EndGlobalSection
	GlobalSection(ProjectConfigurationPlatforms) = postSolution
		{AEC63735-FF4F-47AC-A184-D816A68CBA9E}.Debug|Any CPU.ActiveCfg = Debug|Any CPU
		{AEC63735-FF4F-47AC-A184-D816A68CBA9E}.Debug|Any CPU.Build.0 = Debug|Any CPU
		{AEC63735-FF4F-47AC-A184-D816A68CBA9E}.Debug|Any CPU.Deploy.0 = Debug|Any CPU
		{AEC63735-FF4F-47AC-A184-D816A68CBA9E}.Debug|ARM.ActiveCfg = Debug|Any CPU
		{AEC63735-FF4F-47AC-A184-D816A68CBA9E}.Debug|ARM.Build.0 = Debug|Any CPU
		{AEC63735-FF4F-47AC-A184-D816A68CBA9E}.Debug|ARM.Deploy.0 = Debug|Any CPU
		{AEC63735-FF4F-47AC-A184-D816A68CBA9E}.Debug|iPhone.ActiveCfg = Debug|Any CPU
		{AEC63735-FF4F-47AC-A184-D816A68CBA9E}.Debug|iPhone.Build.0 = Debug|Any CPU
		{AEC63735-FF4F-47AC-A184-D816A68CBA9E}.Debug|iPhone.Deploy.0 = Debug|Any CPU
		{AEC63735-FF4F-47AC-A184-D816A68CBA9E}.Debug|iPhoneSimulator.ActiveCfg = Debug|Any CPU
		{AEC63735-FF4F-47AC-A184-D816A68CBA9E}.Debug|iPhoneSimulator.Build.0 = Debug|Any CPU
		{AEC63735-FF4F-47AC-A184-D816A68CBA9E}.Debug|iPhoneSimulator.Deploy.0 = Debug|Any CPU
		{AEC63735-FF4F-47AC-A184-D816A68CBA9E}.Debug|x64.ActiveCfg = Debug|Any CPU
		{AEC63735-FF4F-47AC-A184-D816A68CBA9E}.Debug|x64.Build.0 = Debug|Any CPU
		{AEC63735-FF4F-47AC-A184-D816A68CBA9E}.Debug|x64.Deploy.0 = Debug|Any CPU
		{AEC63735-FF4F-47AC-A184-D816A68CBA9E}.Debug|x86.ActiveCfg = Debug|Any CPU
		{AEC63735-FF4F-47AC-A184-D816A68CBA9E}.Debug|x86.Build.0 = Debug|Any CPU
		{AEC63735-FF4F-47AC-A184-D816A68CBA9E}.Debug|x86.Deploy.0 = Debug|Any CPU
		{AEC63735-FF4F-47AC-A184-D816A68CBA9E}.Release|Any CPU.ActiveCfg = Release|Any CPU
		{AEC63735-FF4F-47AC-A184-D816A68CBA9E}.Release|Any CPU.Build.0 = Release|Any CPU
		{AEC63735-FF4F-47AC-A184-D816A68CBA9E}.Release|Any CPU.Deploy.0 = Release|Any CPU
		{AEC63735-FF4F-47AC-A184-D816A68CBA9E}.Release|ARM.ActiveCfg = Release|Any CPU
		{AEC63735-FF4F-47AC-A184-D816A68CBA9E}.Release|ARM.Build.0 = Release|Any CPU
		{AEC63735-FF4F-47AC-A184-D816A68CBA9E}.Release|ARM.Deploy.0 = Release|Any CPU
		{AEC63735-FF4F-47AC-A184-D816A68CBA9E}.Release|iPhone.ActiveCfg = Release|Any CPU
		{AEC63735-FF4F-47AC-A184-D816A68CBA9E}.Release|iPhone.Build.0 = Release|Any CPU
		{AEC63735-FF4F-47AC-A184-D816A68CBA9E}.Release|iPhone.Deploy.0 = Release|Any CPU
		{AEC63735-FF4F-47AC-A184-D816A68CBA9E}.Release|iPhoneSimulator.ActiveCfg = Release|Any CPU
		{AEC63735-FF4F-47AC-A184-D816A68CBA9E}.Release|iPhoneSimulator.Build.0 = Release|Any CPU
		{AEC63735-FF4F-47AC-A184-D816A68CBA9E}.Release|iPhoneSimulator.Deploy.0 = Release|Any CPU
		{AEC63735-FF4F-47AC-A184-D816A68CBA9E}.Release|x64.ActiveCfg = Release|Any CPU
		{AEC63735-FF4F-47AC-A184-D816A68CBA9E}.Release|x64.Build.0 = Release|Any CPU
		{AEC63735-FF4F-47AC-A184-D816A68CBA9E}.Release|x64.Deploy.0 = Release|Any CPU
		{AEC63735-FF4F-47AC-A184-D816A68CBA9E}.Release|x86.ActiveCfg = Release|Any CPU
		{AEC63735-FF4F-47AC-A184-D816A68CBA9E}.Release|x86.Build.0 = Release|Any CPU
		{AEC63735-FF4F-47AC-A184-D816A68CBA9E}.Release|x86.Deploy.0 = Release|Any CPU
		{F2248B4A-B29C-482B-A516-8429D7925CE7}.Debug|Any CPU.ActiveCfg = Debug|iPhoneSimulator
		{F2248B4A-B29C-482B-A516-8429D7925CE7}.Debug|Any CPU.Build.0 = Debug|iPhoneSimulator
		{F2248B4A-B29C-482B-A516-8429D7925CE7}.Debug|Any CPU.Deploy.0 = Debug|iPhoneSimulator
		{F2248B4A-B29C-482B-A516-8429D7925CE7}.Debug|ARM.ActiveCfg = Debug|iPhone
		{F2248B4A-B29C-482B-A516-8429D7925CE7}.Debug|ARM.Build.0 = Debug|iPhone
		{F2248B4A-B29C-482B-A516-8429D7925CE7}.Debug|ARM.Deploy.0 = Debug|iPhone
		{F2248B4A-B29C-482B-A516-8429D7925CE7}.Debug|iPhone.ActiveCfg = Debug|iPhone
		{F2248B4A-B29C-482B-A516-8429D7925CE7}.Debug|iPhone.Build.0 = Debug|iPhone
		{F2248B4A-B29C-482B-A516-8429D7925CE7}.Debug|iPhone.Deploy.0 = Debug|iPhone
		{F2248B4A-B29C-482B-A516-8429D7925CE7}.Debug|iPhoneSimulator.ActiveCfg = Debug|iPhoneSimulator
		{F2248B4A-B29C-482B-A516-8429D7925CE7}.Debug|iPhoneSimulator.Build.0 = Debug|iPhoneSimulator
		{F2248B4A-B29C-482B-A516-8429D7925CE7}.Debug|iPhoneSimulator.Deploy.0 = Debug|iPhoneSimulator
		{F2248B4A-B29C-482B-A516-8429D7925CE7}.Debug|x64.ActiveCfg = Debug|iPhoneSimulator
		{F2248B4A-B29C-482B-A516-8429D7925CE7}.Debug|x64.Build.0 = Debug|iPhoneSimulator
		{F2248B4A-B29C-482B-A516-8429D7925CE7}.Debug|x64.Deploy.0 = Debug|iPhoneSimulator
		{F2248B4A-B29C-482B-A516-8429D7925CE7}.Debug|x86.ActiveCfg = Debug|iPhoneSimulator
		{F2248B4A-B29C-482B-A516-8429D7925CE7}.Debug|x86.Build.0 = Debug|iPhoneSimulator
		{F2248B4A-B29C-482B-A516-8429D7925CE7}.Debug|x86.Deploy.0 = Debug|iPhoneSimulator
		{F2248B4A-B29C-482B-A516-8429D7925CE7}.Release|Any CPU.ActiveCfg = Release|iPhoneSimulator
		{F2248B4A-B29C-482B-A516-8429D7925CE7}.Release|Any CPU.Build.0 = Release|iPhoneSimulator
		{F2248B4A-B29C-482B-A516-8429D7925CE7}.Release|Any CPU.Deploy.0 = Release|iPhoneSimulator
		{F2248B4A-B29C-482B-A516-8429D7925CE7}.Release|ARM.ActiveCfg = Release|iPhoneSimulator
		{F2248B4A-B29C-482B-A516-8429D7925CE7}.Release|ARM.Build.0 = Release|iPhoneSimulator
		{F2248B4A-B29C-482B-A516-8429D7925CE7}.Release|ARM.Deploy.0 = Release|iPhoneSimulator
		{F2248B4A-B29C-482B-A516-8429D7925CE7}.Release|iPhone.ActiveCfg = Release|iPhone
		{F2248B4A-B29C-482B-A516-8429D7925CE7}.Release|iPhone.Build.0 = Release|iPhone
		{F2248B4A-B29C-482B-A516-8429D7925CE7}.Release|iPhone.Deploy.0 = Release|iPhone
		{F2248B4A-B29C-482B-A516-8429D7925CE7}.Release|iPhoneSimulator.ActiveCfg = Release|iPhone
		{F2248B4A-B29C-482B-A516-8429D7925CE7}.Release|iPhoneSimulator.Build.0 = Release|iPhone
		{F2248B4A-B29C-482B-A516-8429D7925CE7}.Release|iPhoneSimulator.Deploy.0 = Release|iPhone
		{F2248B4A-B29C-482B-A516-8429D7925CE7}.Release|x64.ActiveCfg = Release|iPhoneSimulator
		{F2248B4A-B29C-482B-A516-8429D7925CE7}.Release|x64.Build.0 = Release|iPhoneSimulator
		{F2248B4A-B29C-482B-A516-8429D7925CE7}.Release|x64.Deploy.0 = Release|iPhoneSimulator
		{F2248B4A-B29C-482B-A516-8429D7925CE7}.Release|x86.ActiveCfg = Release|iPhoneSimulator
		{F2248B4A-B29C-482B-A516-8429D7925CE7}.Release|x86.Build.0 = Release|iPhoneSimulator
		{F2248B4A-B29C-482B-A516-8429D7925CE7}.Release|x86.Deploy.0 = Release|iPhoneSimulator
		{84339E09-F678-47D5-A4E4-170C1928200A}.Debug|Any CPU.ActiveCfg = Debug|Any CPU
		{84339E09-F678-47D5-A4E4-170C1928200A}.Debug|Any CPU.Build.0 = Debug|Any CPU
		{84339E09-F678-47D5-A4E4-170C1928200A}.Debug|Any CPU.Deploy.0 = Debug|Any CPU
		{84339E09-F678-47D5-A4E4-170C1928200A}.Debug|ARM.ActiveCfg = Debug|Any CPU
		{84339E09-F678-47D5-A4E4-170C1928200A}.Debug|ARM.Build.0 = Debug|Any CPU
		{84339E09-F678-47D5-A4E4-170C1928200A}.Debug|ARM.Deploy.0 = Debug|Any CPU
		{84339E09-F678-47D5-A4E4-170C1928200A}.Debug|iPhone.ActiveCfg = Debug|Any CPU
		{84339E09-F678-47D5-A4E4-170C1928200A}.Debug|iPhone.Build.0 = Debug|Any CPU
		{84339E09-F678-47D5-A4E4-170C1928200A}.Debug|iPhone.Deploy.0 = Debug|Any CPU
		{84339E09-F678-47D5-A4E4-170C1928200A}.Debug|iPhoneSimulator.ActiveCfg = Debug|Any CPU
		{84339E09-F678-47D5-A4E4-170C1928200A}.Debug|iPhoneSimulator.Build.0 = Debug|Any CPU
		{84339E09-F678-47D5-A4E4-170C1928200A}.Debug|iPhoneSimulator.Deploy.0 = Debug|Any CPU
		{84339E09-F678-47D5-A4E4-170C1928200A}.Debug|x64.ActiveCfg = Debug|Any CPU
		{84339E09-F678-47D5-A4E4-170C1928200A}.Debug|x64.Build.0 = Debug|Any CPU
		{84339E09-F678-47D5-A4E4-170C1928200A}.Debug|x64.Deploy.0 = Debug|Any CPU
		{84339E09-F678-47D5-A4E4-170C1928200A}.Debug|x86.ActiveCfg = Debug|Any CPU
		{84339E09-F678-47D5-A4E4-170C1928200A}.Debug|x86.Build.0 = Debug|Any CPU
		{84339E09-F678-47D5-A4E4-170C1928200A}.Debug|x86.Deploy.0 = Debug|Any CPU
		{84339E09-F678-47D5-A4E4-170C1928200A}.Release|Any CPU.ActiveCfg = Release|Any CPU
		{84339E09-F678-47D5-A4E4-170C1928200A}.Release|Any CPU.Build.0 = Release|Any CPU
		{84339E09-F678-47D5-A4E4-170C1928200A}.Release|Any CPU.Deploy.0 = Release|Any CPU
		{84339E09-F678-47D5-A4E4-170C1928200A}.Release|ARM.ActiveCfg = Release|Any CPU
		{84339E09-F678-47D5-A4E4-170C1928200A}.Release|ARM.Build.0 = Release|Any CPU
		{84339E09-F678-47D5-A4E4-170C1928200A}.Release|ARM.Deploy.0 = Release|Any CPU
		{84339E09-F678-47D5-A4E4-170C1928200A}.Release|iPhone.ActiveCfg = Release|Any CPU
		{84339E09-F678-47D5-A4E4-170C1928200A}.Release|iPhone.Build.0 = Release|Any CPU
		{84339E09-F678-47D5-A4E4-170C1928200A}.Release|iPhone.Deploy.0 = Release|Any CPU
		{84339E09-F678-47D5-A4E4-170C1928200A}.Release|iPhoneSimulator.ActiveCfg = Release|Any CPU
		{84339E09-F678-47D5-A4E4-170C1928200A}.Release|iPhoneSimulator.Build.0 = Release|Any CPU
		{84339E09-F678-47D5-A4E4-170C1928200A}.Release|iPhoneSimulator.Deploy.0 = Release|Any CPU
		{84339E09-F678-47D5-A4E4-170C1928200A}.Release|x64.ActiveCfg = Release|Any CPU
		{84339E09-F678-47D5-A4E4-170C1928200A}.Release|x64.Build.0 = Release|Any CPU
		{84339E09-F678-47D5-A4E4-170C1928200A}.Release|x64.Deploy.0 = Release|Any CPU
		{84339E09-F678-47D5-A4E4-170C1928200A}.Release|x86.ActiveCfg = Release|Any CPU
		{84339E09-F678-47D5-A4E4-170C1928200A}.Release|x86.Build.0 = Release|Any CPU
		{84339E09-F678-47D5-A4E4-170C1928200A}.Release|x86.Deploy.0 = Release|Any CPU
		{5AFDD120-A485-4A25-8D95-AFA3997EF5C7}.Debug|Any CPU.ActiveCfg = Debug|Any CPU
		{5AFDD120-A485-4A25-8D95-AFA3997EF5C7}.Debug|Any CPU.Build.0 = Debug|Any CPU
		{5AFDD120-A485-4A25-8D95-AFA3997EF5C7}.Debug|ARM.ActiveCfg = Debug|Any CPU
		{5AFDD120-A485-4A25-8D95-AFA3997EF5C7}.Debug|ARM.Build.0 = Debug|Any CPU
		{5AFDD120-A485-4A25-8D95-AFA3997EF5C7}.Debug|iPhone.ActiveCfg = Debug|Any CPU
		{5AFDD120-A485-4A25-8D95-AFA3997EF5C7}.Debug|iPhone.Build.0 = Debug|Any CPU
		{5AFDD120-A485-4A25-8D95-AFA3997EF5C7}.Debug|iPhoneSimulator.ActiveCfg = Debug|Any CPU
		{5AFDD120-A485-4A25-8D95-AFA3997EF5C7}.Debug|iPhoneSimulator.Build.0 = Debug|Any CPU
		{5AFDD120-A485-4A25-8D95-AFA3997EF5C7}.Debug|x64.ActiveCfg = Debug|Any CPU
		{5AFDD120-A485-4A25-8D95-AFA3997EF5C7}.Debug|x64.Build.0 = Debug|Any CPU
		{5AFDD120-A485-4A25-8D95-AFA3997EF5C7}.Debug|x86.ActiveCfg = Debug|Any CPU
		{5AFDD120-A485-4A25-8D95-AFA3997EF5C7}.Debug|x86.Build.0 = Debug|Any CPU
		{5AFDD120-A485-4A25-8D95-AFA3997EF5C7}.Release|Any CPU.ActiveCfg = Release|Any CPU
		{5AFDD120-A485-4A25-8D95-AFA3997EF5C7}.Release|Any CPU.Build.0 = Release|Any CPU
		{5AFDD120-A485-4A25-8D95-AFA3997EF5C7}.Release|ARM.ActiveCfg = Release|Any CPU
		{5AFDD120-A485-4A25-8D95-AFA3997EF5C7}.Release|ARM.Build.0 = Release|Any CPU
		{5AFDD120-A485-4A25-8D95-AFA3997EF5C7}.Release|iPhone.ActiveCfg = Release|Any CPU
		{5AFDD120-A485-4A25-8D95-AFA3997EF5C7}.Release|iPhone.Build.0 = Release|Any CPU
		{5AFDD120-A485-4A25-8D95-AFA3997EF5C7}.Release|iPhoneSimulator.ActiveCfg = Release|Any CPU
		{5AFDD120-A485-4A25-8D95-AFA3997EF5C7}.Release|iPhoneSimulator.Build.0 = Release|Any CPU
		{5AFDD120-A485-4A25-8D95-AFA3997EF5C7}.Release|x64.ActiveCfg = Release|Any CPU
		{5AFDD120-A485-4A25-8D95-AFA3997EF5C7}.Release|x64.Build.0 = Release|Any CPU
		{5AFDD120-A485-4A25-8D95-AFA3997EF5C7}.Release|x86.ActiveCfg = Release|Any CPU
		{5AFDD120-A485-4A25-8D95-AFA3997EF5C7}.Release|x86.Build.0 = Release|Any CPU
		{2795551F-0DB4-4DC7-9B85-7C5AB3B36B6D}.Debug|Any CPU.ActiveCfg = Debug|Any CPU
		{2795551F-0DB4-4DC7-9B85-7C5AB3B36B6D}.Debug|Any CPU.Build.0 = Debug|Any CPU
		{2795551F-0DB4-4DC7-9B85-7C5AB3B36B6D}.Debug|ARM.ActiveCfg = Debug|Any CPU
		{2795551F-0DB4-4DC7-9B85-7C5AB3B36B6D}.Debug|ARM.Build.0 = Debug|Any CPU
		{2795551F-0DB4-4DC7-9B85-7C5AB3B36B6D}.Debug|iPhone.ActiveCfg = Debug|Any CPU
		{2795551F-0DB4-4DC7-9B85-7C5AB3B36B6D}.Debug|iPhone.Build.0 = Debug|Any CPU
		{2795551F-0DB4-4DC7-9B85-7C5AB3B36B6D}.Debug|iPhoneSimulator.ActiveCfg = Debug|Any CPU
		{2795551F-0DB4-4DC7-9B85-7C5AB3B36B6D}.Debug|iPhoneSimulator.Build.0 = Debug|Any CPU
		{2795551F-0DB4-4DC7-9B85-7C5AB3B36B6D}.Debug|x64.ActiveCfg = Debug|Any CPU
		{2795551F-0DB4-4DC7-9B85-7C5AB3B36B6D}.Debug|x64.Build.0 = Debug|Any CPU
		{2795551F-0DB4-4DC7-9B85-7C5AB3B36B6D}.Debug|x86.ActiveCfg = Debug|Any CPU
		{2795551F-0DB4-4DC7-9B85-7C5AB3B36B6D}.Debug|x86.Build.0 = Debug|Any CPU
		{2795551F-0DB4-4DC7-9B85-7C5AB3B36B6D}.Release|Any CPU.ActiveCfg = Release|Any CPU
		{2795551F-0DB4-4DC7-9B85-7C5AB3B36B6D}.Release|Any CPU.Build.0 = Release|Any CPU
		{2795551F-0DB4-4DC7-9B85-7C5AB3B36B6D}.Release|ARM.ActiveCfg = Release|Any CPU
		{2795551F-0DB4-4DC7-9B85-7C5AB3B36B6D}.Release|ARM.Build.0 = Release|Any CPU
		{2795551F-0DB4-4DC7-9B85-7C5AB3B36B6D}.Release|iPhone.ActiveCfg = Release|Any CPU
		{2795551F-0DB4-4DC7-9B85-7C5AB3B36B6D}.Release|iPhone.Build.0 = Release|Any CPU
		{2795551F-0DB4-4DC7-9B85-7C5AB3B36B6D}.Release|iPhoneSimulator.ActiveCfg = Release|Any CPU
		{2795551F-0DB4-4DC7-9B85-7C5AB3B36B6D}.Release|iPhoneSimulator.Build.0 = Release|Any CPU
		{2795551F-0DB4-4DC7-9B85-7C5AB3B36B6D}.Release|x64.ActiveCfg = Release|Any CPU
		{2795551F-0DB4-4DC7-9B85-7C5AB3B36B6D}.Release|x64.Build.0 = Release|Any CPU
		{2795551F-0DB4-4DC7-9B85-7C5AB3B36B6D}.Release|x86.ActiveCfg = Release|Any CPU
		{2795551F-0DB4-4DC7-9B85-7C5AB3B36B6D}.Release|x86.Build.0 = Release|Any CPU
	EndGlobalSection
	GlobalSection(SolutionProperties) = preSolution
		HideSolutionNode = FALSE
	EndGlobalSection
	GlobalSection(ExtensibilityGlobals) = postSolution
		SolutionGuid = {EAD4639B-26AD-49C9-A30F-9BFB073F75EA}
	EndGlobalSection
EndGlobal
